
Microsoft Visual Studio Solution File, Format Version 12.00
# Visual Studio Version 16
VisualStudioVersion = 16.0.29806.167
MinimumVisualStudioVersion = 10.0.40219.1
Project("{FAE04EC0-301F-11D3-BF4B-00C04F79EFBC}") = "DTO", "DTO\DTO.csproj", "{83AEE36D-EE85-43D8-8434-A11A6AD25453}"
EndProject
Project("{FAE04EC0-301F-11D3-BF4B-00C04F79EFBC}") = "BLL", "BLL\BLL.csproj", "{A1BBF909-E1A6-41BF-AB12-148EF3162409}"
EndProject
Project("{FAE04EC0-301F-11D3-BF4B-00C04F79EFBC}") = "Web API", "Web API\Web API.csproj", "{35DB6AB0-769B-4C9C-86A4-8EF0458A1053}"
EndProject
Project("{FAE04EC0-301F-11D3-BF4B-00C04F79EFBC}") = "DAL", "DAL\DAL.csproj", "{30579E49-4F2E-43BA-854C-2DDE2F5F9F12}"
EndProject
Global
	GlobalSection(SolutionConfigurationPlatforms) = preSolution
		Debug|Any CPU = Debug|Any CPU
		Release|Any CPU = Release|Any CPU
	EndGlobalSection
	GlobalSection(ProjectConfigurationPlatforms) = postSolution
		{83AEE36D-EE85-43D8-8434-A11A6AD25453}.Debug|Any CPU.ActiveCfg = Debug|Any CPU
		{83AEE36D-EE85-43D8-8434-A11A6AD25453}.Debug|Any CPU.Build.0 = Debug|Any CPU
		{83AEE36D-EE85-43D8-8434-A11A6AD25453}.Release|Any CPU.ActiveCfg = Release|Any CPU
		{83AEE36D-EE85-43D8-8434-A11A6AD25453}.Release|Any CPU.Build.0 = Release|Any CPU
		{A1BBF909-E1A6-41BF-AB12-148EF3162409}.Debug|Any CPU.ActiveCfg = Debug|Any CPU
		{A1BBF909-E1A6-41BF-AB12-148EF3162409}.Debug|Any CPU.Build.0 = Debug|Any CPU
		{A1BBF909-E1A6-41BF-AB12-148EF3162409}.Release|Any CPU.ActiveCfg = Release|Any CPU
		{A1BBF909-E1A6-41BF-AB12-148EF3162409}.Release|Any CPU.Build.0 = Release|Any CPU
		{35DB6AB0-769B-4C9C-86A4-8EF0458A1053}.Debug|Any CPU.ActiveCfg = Debug|Any CPU
		{35DB6AB0-769B-4C9C-86A4-8EF0458A1053}.Debug|Any CPU.Build.0 = Debug|Any CPU
		{35DB6AB0-769B-4C9C-86A4-8EF0458A1053}.Release|Any CPU.ActiveCfg = Release|Any CPU
		{35DB6AB0-769B-4C9C-86A4-8EF0458A1053}.Release|Any CPU.Build.0 = Release|Any CPU
		{30579E49-4F2E-43BA-854C-2DDE2F5F9F12}.Debug|Any CPU.ActiveCfg = Debug|Any CPU
		{30579E49-4F2E-43BA-854C-2DDE2F5F9F12}.Debug|Any CPU.Build.0 = Debug|Any CPU
		{30579E49-4F2E-43BA-854C-2DDE2F5F9F12}.Release|Any CPU.ActiveCfg = Release|Any CPU
		{30579E49-4F2E-43BA-854C-2DDE2F5F9F12}.Release|Any CPU.Build.0 = Release|Any CPU
	EndGlobalSection
	GlobalSection(SolutionProperties) = preSolution
		HideSolutionNode = FALSE
	EndGlobalSection
	GlobalSection(ExtensibilityGlobals) = postSolution
		SolutionGuid = {F0246D18-FE41-45E4-A4D7-25F5C3EA8543}
	EndGlobalSection
EndGlobal
